
Microsoft Visual Studio Solution File, Format Version 12.00
# Visual Studio Version 17
VisualStudioVersion = 17.2.32616.157
MinimumVisualStudioVersion = 10.0.40219.1
Project("{FAE04EC0-301F-11D3-BF4B-00C04F79EFBC}") = "Exchange", "Exchange\Exchange.csproj", "{75FA2F0D-1013-4453-90F1-747E40257F4C}"
EndProject
Global
	GlobalSection(SolutionConfigurationPlatforms) = preSolution
		Debug|Any CPU = Debug|Any CPU
		Release|Any CPU = Release|Any CPU
	EndGlobalSection
	GlobalSection(ProjectConfigurationPlatforms) = postSolution
		{75FA2F0D-1013-4453-90F1-747E40257F4C}.Debug|Any CPU.ActiveCfg = Debug|Any CPU
		{75FA2F0D-1013-4453-90F1-747E40257F4C}.Debug|Any CPU.Build.0 = Debug|Any CPU
		{75FA2F0D-1013-4453-90F1-747E40257F4C}.Release|Any CPU.ActiveCfg = Release|Any CPU
		{75FA2F0D-1013-4453-90F1-747E40257F4C}.Release|Any CPU.Build.0 = Release|Any CPU
	EndGlobalSection
	GlobalSection(SolutionProperties) = preSolution
		HideSolutionNode = FALSE
	EndGlobalSection
	GlobalSection(ExtensibilityGlobals) = postSolution
		SolutionGuid = {C8CC9162-1A90-4228-BB74-2421298E5BFF}
	EndGlobalSection
EndGlobal
